PODS:
  - YQRefresh (1.2.0)

DEPENDENCIES:
  - YQRefresh (from `../YQRefresh.podspec`)

EXTERNAL SOURCES:
  YQRefresh:
    :path: "../YQRefresh.podspec"

SPEC CHECKSUMS:
  YQRefresh: acab31661ecda373a0164cc4cae83848496513f7

PODFILE CHECKSUM: f9d719e7a605c99a21b848bb55efd914c7131ae5

COCOAPODS: 1.11.2
